{
	"name": "find-usages-bug",
	"version": "1.0.0",
	"lockfileVersion": 1,
	"requires": true,
	"dependencies": {
		"mobx": {
			"version": "6.1.8",
			"resolved": "https://registry.npmjs.org/mobx/-/mobx-6.1.8.tgz",
			"integrity": "sha512-U4yCvUeh6yKXRwFxm2lyJjXPVekOEar/R8ZKWAXem/3fthJqYflViawfjDAUh7lZEvbKqljC3NT/pSaUKpE+gg=="
		},
		"mobx-state-tree": {
			"version": "5.0.1",
			"resolved": "https://registry.npmjs.org/mobx-state-tree/-/mobx-state-tree-5.0.1.tgz",
			"integrity": "sha512-XZafwF1sJe6sp8L1kgf9Tz0SLo/UPf2pxsonnHaBQNsqbebw+0GC+IT3WxPEIe0/aQ73q4nY4SRgW1uyfd1KRA=="
		},
		"typescript": {
			"version": "3.8.3",
			"resolved": "https://registry.npmjs.org/typescript/-/typescript-3.8.3.tgz",
			"integrity": "sha512-MYlEfn5VrLNsgudQTVJeNaQFUAI7DkhnOjdpAp4T+ku1TfQClewlbSuTVHiA+8skNBgaf02TL/kLOvig4y3G8w==",
			"dev": true
		}
	}
}
